{
  "name": "Hospital",
  "lockfileVersion": 2,
  "requires": true,
  "packages": {
    "": {
      "devDependencies": {
        "xxxxx": "^1.0.3"
      }
    },
    "node_modules/xxxxx": {
      "version": "1.0.3",
      "resolved": "https://registry.npmjs.org/xxxxx/-/xxxxx-1.0.3.tgz",
      "integrity": "sha1-YnFMEhv4qTXVelEL+TibC7kB7dM=",
      "dev": true
    }
  },
  "dependencies": {
    "xxxxx": {
      "version": "1.0.3",
      "resolved": "https://registry.npmjs.org/xxxxx/-/xxxxx-1.0.3.tgz",
      "integrity": "sha1-YnFMEhv4qTXVelEL+TibC7kB7dM=",
      "dev": true
    }
  }
}
